
Microsoft Visual Studio Solution File, Format Version 12.00
# Visual Studio Version 17
VisualStudioVersion = 17.0.31903.59
MinimumVisualStudioVersion = 10.0.40219.1
Project("{FAE04EC0-301F-11D3-BF4B-00C04F79EFBC}") = "API", "API\API.csproj", "{378D01AC-3803-4A8B-B931-8536A96A58C2}"
EndProject
Project("{FAE04EC0-301F-11D3-BF4B-00C04F79EFBC}") = "Domain", "Domain\Domain.csproj", "{E977C646-5B9D-4FC1-B7C6-28799319890A}"
EndProject
Project("{FAE04EC0-301F-11D3-BF4B-00C04F79EFBC}") = "Persistence", "Persistence\Persistence.csproj", "{A0002A7F-7762-4154-9BBB-FFE8B3A9024E}"
EndProject
Project("{FAE04EC0-301F-11D3-BF4B-00C04F79EFBC}") = "Application", "Application\Application.csproj", "{52743467-455B-4D5A-AAF1-E2841865A068}"
EndProject
Global
	GlobalSection(SolutionConfigurationPlatforms) = preSolution
		Debug|Any CPU = Debug|Any CPU
		Debug|x64 = Debug|x64
		Debug|x86 = Debug|x86
		Release|Any CPU = Release|Any CPU
		Release|x64 = Release|x64
		Release|x86 = Release|x86
	EndGlobalSection
	GlobalSection(ProjectConfigurationPlatforms) = postSolution
		{378D01AC-3803-4A8B-B931-8536A96A58C2}.Debug|Any CPU.ActiveCfg = Debug|Any CPU
		{378D01AC-3803-4A8B-B931-8536A96A58C2}.Debug|Any CPU.Build.0 = Debug|Any CPU
		{378D01AC-3803-4A8B-B931-8536A96A58C2}.Debug|x64.ActiveCfg = Debug|Any CPU
		{378D01AC-3803-4A8B-B931-8536A96A58C2}.Debug|x64.Build.0 = Debug|Any CPU
		{378D01AC-3803-4A8B-B931-8536A96A58C2}.Debug|x86.ActiveCfg = Debug|Any CPU
		{378D01AC-3803-4A8B-B931-8536A96A58C2}.Debug|x86.Build.0 = Debug|Any CPU
		{378D01AC-3803-4A8B-B931-8536A96A58C2}.Release|Any CPU.ActiveCfg = Release|Any CPU
		{378D01AC-3803-4A8B-B931-8536A96A58C2}.Release|Any CPU.Build.0 = Release|Any CPU
		{378D01AC-3803-4A8B-B931-8536A96A58C2}.Release|x64.ActiveCfg = Release|Any CPU
		{378D01AC-3803-4A8B-B931-8536A96A58C2}.Release|x64.Build.0 = Release|Any CPU
		{378D01AC-3803-4A8B-B931-8536A96A58C2}.Release|x86.ActiveCfg = Release|Any CPU
		{378D01AC-3803-4A8B-B931-8536A96A58C2}.Release|x86.Build.0 = Release|Any CPU
		{E977C646-5B9D-4FC1-B7C6-28799319890A}.Debug|Any CPU.ActiveCfg = Debug|Any CPU
		{E977C646-5B9D-4FC1-B7C6-28799319890A}.Debug|Any CPU.Build.0 = Debug|Any CPU
		{E977C646-5B9D-4FC1-B7C6-28799319890A}.Debug|x64.ActiveCfg = Debug|Any CPU
		{E977C646-5B9D-4FC1-B7C6-28799319890A}.Debug|x64.Build.0 = Debug|Any CPU
		{E977C646-5B9D-4FC1-B7C6-28799319890A}.Debug|x86.ActiveCfg = Debug|Any CPU
		{E977C646-5B9D-4FC1-B7C6-28799319890A}.Debug|x86.Build.0 = Debug|Any CPU
		{E977C646-5B9D-4FC1-B7C6-28799319890A}.Release|Any CPU.ActiveCfg = Release|Any CPU
		{E977C646-5B9D-4FC1-B7C6-28799319890A}.Release|Any CPU.Build.0 = Release|Any CPU
		{E977C646-5B9D-4FC1-B7C6-28799319890A}.Release|x64.ActiveCfg = Release|Any CPU
		{E977C646-5B9D-4FC1-B7C6-28799319890A}.Release|x64.Build.0 = Release|Any CPU
		{E977C646-5B9D-4FC1-B7C6-28799319890A}.Release|x86.ActiveCfg = Release|Any CPU
		{E977C646-5B9D-4FC1-B7C6-28799319890A}.Release|x86.Build.0 = Release|Any CPU
		{A0002A7F-7762-4154-9BBB-FFE8B3A9024E}.Debug|Any CPU.ActiveCfg = Debug|Any CPU
		{A0002A7F-7762-4154-9BBB-FFE8B3A9024E}.Debug|Any CPU.Build.0 = Debug|Any CPU
		{A0002A7F-7762-4154-9BBB-FFE8B3A9024E}.Debug|x64.ActiveCfg = Debug|Any CPU
		{A0002A7F-7762-4154-9BBB-FFE8B3A9024E}.Debug|x64.Build.0 = Debug|Any CPU
		{A0002A7F-7762-4154-9BBB-FFE8B3A9024E}.Debug|x86.ActiveCfg = Debug|Any CPU
		{A0002A7F-7762-4154-9BBB-FFE8B3A9024E}.Debug|x86.Build.0 = Debug|Any CPU
		{A0002A7F-7762-4154-9BBB-FFE8B3A9024E}.Release|Any CPU.ActiveCfg = Release|Any CPU
		{A0002A7F-7762-4154-9BBB-FFE8B3A9024E}.Release|Any CPU.Build.0 = Release|Any CPU
		{A0002A7F-7762-4154-9BBB-FFE8B3A9024E}.Release|x64.ActiveCfg = Release|Any CPU
		{A0002A7F-7762-4154-9BBB-FFE8B3A9024E}.Release|x64.Build.0 = Release|Any CPU
		{A0002A7F-7762-4154-9BBB-FFE8B3A9024E}.Release|x86.ActiveCfg = Release|Any CPU
		{A0002A7F-7762-4154-9BBB-FFE8B3A9024E}.Release|x86.Build.0 = Release|Any CPU
		{52743467-455B-4D5A-AAF1-E2841865A068}.Debug|Any CPU.ActiveCfg = Debug|Any CPU
		{52743467-455B-4D5A-AAF1-E2841865A068}.Debug|Any CPU.Build.0 = Debug|Any CPU
		{52743467-455B-4D5A-AAF1-E2841865A068}.Debug|x64.ActiveCfg = Debug|Any CPU
		{52743467-455B-4D5A-AAF1-E2841865A068}.Debug|x64.Build.0 = Debug|Any CPU
		{52743467-455B-4D5A-AAF1-E2841865A068}.Debug|x86.ActiveCfg = Debug|Any CPU
		{52743467-455B-4D5A-AAF1-E2841865A068}.Debug|x86.Build.0 = Debug|Any CPU
		{52743467-455B-4D5A-AAF1-E2841865A068}.Release|Any CPU.ActiveCfg = Release|Any CPU
		{52743467-455B-4D5A-AAF1-E2841865A068}.Release|Any CPU.Build.0 = Release|Any CPU
		{52743467-455B-4D5A-AAF1-E2841865A068}.Release|x64.ActiveCfg = Release|Any CPU
		{52743467-455B-4D5A-AAF1-E2841865A068}.Release|x64.Build.0 = Release|Any CPU
		{52743467-455B-4D5A-AAF1-E2841865A068}.Release|x86.ActiveCfg = Release|Any CPU
		{52743467-455B-4D5A-AAF1-E2841865A068}.Release|x86.Build.0 = Release|Any CPU
	EndGlobalSection
	GlobalSection(SolutionProperties) = preSolution
		HideSolutionNode = FALSE
	EndGlobalSection
EndGlobal
